
Microsoft Visual Studio Solution File, Format Version 12.00
# Visual Studio 15
VisualStudioVersion = 15.0.27130.2026
MinimumVisualStudioVersion = 10.0.40219.1
Project("{FAE04EC0-301F-11D3-BF4B-00C04F79EFBC}") = "BotKravMaga.Bot", "BotKravMaga.Bot\BotKravMaga.Bot.csproj", "{3D98BBB3-8988-4BDD-AFFB-DC218D6747F8}"
EndProject
Project("{FAE04EC0-301F-11D3-BF4B-00C04F79EFBC}") = "BotKravMaga.Api", "BotKravMaga.Api\BotKravMaga.Api.csproj", "{2DE0B4A6-194B-44CC-93F5-85C6FAEF5889}"
EndProject
Global
	GlobalSection(SolutionConfigurationPlatforms) = preSolution
		Debug|Any CPU = Debug|Any CPU
		Release|Any CPU = Release|Any CPU
	EndGlobalSection
	GlobalSection(ProjectConfigurationPlatforms) = postSolution
		{3D98BBB3-8988-4BDD-AFFB-DC218D6747F8}.Debug|Any CPU.ActiveCfg = Debug|Any CPU
		{3D98BBB3-8988-4BDD-AFFB-DC218D6747F8}.Debug|Any CPU.Build.0 = Debug|Any CPU
		{3D98BBB3-8988-4BDD-AFFB-DC218D6747F8}.Release|Any CPU.ActiveCfg = Release|Any CPU
		{3D98BBB3-8988-4BDD-AFFB-DC218D6747F8}.Release|Any CPU.Build.0 = Release|Any CPU
		{2DE0B4A6-194B-44CC-93F5-85C6FAEF5889}.Debug|Any CPU.ActiveCfg = Debug|Any CPU
		{2DE0B4A6-194B-44CC-93F5-85C6FAEF5889}.Debug|Any CPU.Build.0 = Debug|Any CPU
		{2DE0B4A6-194B-44CC-93F5-85C6FAEF5889}.Release|Any CPU.ActiveCfg = Release|Any CPU
		{2DE0B4A6-194B-44CC-93F5-85C6FAEF5889}.Release|Any CPU.Build.0 = Release|Any CPU
	EndGlobalSection
	GlobalSection(SolutionProperties) = preSolution
		HideSolutionNode = FALSE
	EndGlobalSection
	GlobalSection(ExtensibilityGlobals) = postSolution
		SolutionGuid = {87877DD2-6B4A-4365-85FF-0A6DBA3FC5F3}
	EndGlobalSection
EndGlobal
